
Microsoft Visual Studio Solution File, Format Version 12.00
# Visual Studio Version 17
VisualStudioVersion = 17.11.35303.130
MinimumVisualStudioVersion = 10.0.40219.1
Project("{FAE04EC0-301F-11D3-BF4B-00C04F79EFBC}") = "SchoolManagementApi", "SchoolManagementApi\SchoolManagementApi.csproj", "{FA74387B-E313-45C0-9E94-232A51F50A50}"
EndProject
Global
	GlobalSection(SolutionConfigurationPlatforms) = preSolution
		Debug|Any CPU = Debug|Any CPU
		Release|Any CPU = Release|Any CPU
	EndGlobalSection
	GlobalSection(ProjectConfigurationPlatforms) = postSolution
		{FA74387B-E313-45C0-9E94-232A51F50A50}.Debug|Any CPU.ActiveCfg = Debug|Any CPU
		{FA74387B-E313-45C0-9E94-232A51F50A50}.Debug|Any CPU.Build.0 = Debug|Any CPU
		{FA74387B-E313-45C0-9E94-232A51F50A50}.Release|Any CPU.ActiveCfg = Release|Any CPU
		{FA74387B-E313-45C0-9E94-232A51F50A50}.Release|Any CPU.Build.0 = Release|Any CPU
	EndGlobalSection
	GlobalSection(SolutionProperties) = preSolution
		HideSolutionNode = FALSE
	EndGlobalSection
	GlobalSection(ExtensibilityGlobals) = postSolution
		SolutionGuid = {571A0945-773E-4098-BA84-8E4D39BC188D}
	EndGlobalSection
EndGlobal
